
Microsoft Visual Studio Solution File, Format Version 12.00
# Visual Studio Version 16
VisualStudioVersion = 16.0.31702.278
MinimumVisualStudioVersion = 10.0.40219.1
Project("{FAE04EC0-301F-11D3-BF4B-00C04F79EFBC}") = "Image", "Image.csproj", "{119DDC1B-A82F-4FA5-8015-6FF02104438D}"
EndProject
Global
	GlobalSection(SolutionConfigurationPlatforms) = preSolution
		Debug|Any CPU = Debug|Any CPU
		Release|Any CPU = Release|Any CPU
	EndGlobalSection
	GlobalSection(ProjectConfigurationPlatforms) = postSolution
		{119DDC1B-A82F-4FA5-8015-6FF02104438D}.Debug|Any CPU.ActiveCfg = Debug|Any CPU
		{119DDC1B-A82F-4FA5-8015-6FF02104438D}.Debug|Any CPU.Build.0 = Debug|Any CPU
		{119DDC1B-A82F-4FA5-8015-6FF02104438D}.Release|Any CPU.ActiveCfg = Release|Any CPU
		{119DDC1B-A82F-4FA5-8015-6FF02104438D}.Release|Any CPU.Build.0 = Release|Any CPU
	EndGlobalSection
	GlobalSection(SolutionProperties) = preSolution
		HideSolutionNode = FALSE
	EndGlobalSection
	GlobalSection(ExtensibilityGlobals) = postSolution
		SolutionGuid = {87163605-E1D7-4BCE-85F4-226FD98D640B}
	EndGlobalSection
EndGlobal
